// !$*UTF8*$!
{
	archiveVersion = 1;
	classes = {
	};
	objectVersion = 50;
	objects = {

/* Begin PBXBuildFile section */
		2CF4CC9C23E7FBBD008C0CFB /* AppDelegate.swift in Sources */ = {isa = PBXBuildFile; fileRef = 2CF4CC9B23E7FBBD008C0CFB /* AppDelegate.swift */; };
		2CF4CC9E23E7FBBD008C0CFB /* SceneDelegate.swift in Sources */ = {isa = PBXBuildFile; fileRef = 2CF4CC9D23E7FBBD008C0CFB /* SceneDelegate.swift */; };
		2CF4CCA023E7FBBD008C0CFB /* ViewController.swift in Sources */ = {isa = PBXBuildFile; fileRef = 2CF4CC9F23E7FBBD008C0CFB /* ViewController.swift */; };
		2CF4CCA323E7FBBD008C0CFB /* Main.storyboard in Resources */ = {isa = PBXBuildFile; fileRef = 2CF4CCA123E7FBBD008C0CFB /* Main.storyboard */; };
		2CF4CCA523E7FBBE008C0CFB /* Assets.xcassets in Resources */ = {isa = PBXBuildFile; fileRef = 2CF4CCA423E7FBBE008C0CFB /* Assets.xcassets */; };
		2CF4CCA823E7FBBE008C0CFB /* LaunchScreen.storyboard in Resources */ = {isa = PBXBuildFile; fileRef = 2CF4CCA623E7FBBE008C0CFB /* LaunchScreen.storyboard */; };
/* End PBXBuildFile section */

/* Begin PBXFileReference section */
		2CF4CC9823E7FBBD008C0CFB /* sizeClasses.app */ = {isa = PBXFileReference; explicitFileType = wrapper.application; includeInIndex = 0; path = sizeClasses.app; sourceTree = BUILT_PRODUCTS_DIR; };
		2CF4CC9B23E7FBBD008C0CFB /* AppDelegate.swift */ = {isa = PBXFileReference; lastKnownFileType = sourcecode.swift; path = AppDelegate.swift; sourceTree = "<group>"; };
		2CF4CC9D23E7FBBD008C0CFB /* SceneDelegate.swift */ = {isa = PBXFileReference; lastKnownFileType = sourcecode.swift; path = SceneDelegate.swift; sourceTree = "<group>"; };
		2CF4CC9F23E7FBBD008C0CFB /* ViewController.swift */ = {isa = PBXFileReference; lastKnownFileType = sourcecode.swift; path = ViewController.swift; sourceTree = "<group>"; };
		2CF4CCA223E7FBBD008C0CFB /* Base */ = {isa = PBXFileReference; lastKnownFileType = file.storyboard; name = Base; path = Base.lproj/Main.storyboard; sourceTree = "<group>"; };
		2CF4CCA423E7FBBE008C0CFB /* Assets.xcassets */ = {isa = PBXFileReference; lastKnownFileType = folder.assetcatalog; path = Assets.xcassets; sourceTree = "<group>"; };
		2CF4CCA723E7FBBE008C0CFB /* Base */ = {isa = PBXFileReference; lastKnownFileType = file.storyboard; name = Base; path = Base.lproj/LaunchScreen.storyboard; sourceTree = "<group>"; };
		2CF4CCA923E7FBBE008C0CFB /* Info.plist */ = {isa = PBXFileReference; lastKnownFileType = text.plist.xml; path = Info.plist; sourceTree = "<group>"; };
/* End PBXFileReference section */

/* Begin PBXFrameworksBuildPhase section */
		2CF4CC9523E7FBBD008C0CFB /* Frameworks */ = {
			isa = PBXFrameworksBuildPhase;
			buildActionMask = 2147483647;
			files = (
			);
			runOnlyForDeploymentPostprocessing = 0;
		};
/* End PBXFrameworksBuildPhase section */

/* Begin PBXGroup section */
		2CF4CC8F23E7FBBD008C0CFB = {
			isa = PBXGroup;
			children = (
				2CF4CC9A23E7FBBD008C0CFB /* sizeClasses */,
				2CF4CC9923E7FBBD008C0CFB /* Products */,
			);
			sourceTree = "<group>";
		};
		2CF4CC9923E7FBBD008C0CFB /* Products */ = {
			isa = PBXGroup;
			children = (
				2CF4CC9823E7FBBD008C0CFB /* sizeClasses.app */,
			);
			name = Products;
			sourceTree = "<group>";
		};
		2CF4CC9A23E7FBBD008C0CFB /* sizeClasses */ = {
			isa = PBXGroup;
			children = (
				2CF4CC9B23E7FBBD008C0CFB /* AppDelegate.swift */,
				2CF4CC9D23E7FBBD008C0CFB /* SceneDelegate.swift */,
				2CF4CC9F23E7FBBD008C0CFB /* ViewController.swift */,
				2CF4CCA123E7FBBD008C0CFB /* Main.storyboard */,
				2CF4CCA423E7FBBE008C0CFB /* Assets.xcassets */,
				2CF4CCA623E7FBBE008C0CFB /* LaunchScreen.storyboard */,
				2CF4CCA923E7FBBE008C0CFB /* Info.plist */,
			);
			path = sizeClasses;
			sourceTree = "<group>";
		};
/* End PBXGroup section */

/* Begin PBXNativeTarget section */
		2CF4CC9723E7FBBD008C0CFB /* sizeClasses */ = {
			isa = PBXNativeTarget;
			buildConfigurationList = 2CF4CCAC23E7FBBE008C0CFB /* Build configuration list for PBXNativeTarget "sizeClasses" */;
			buildPhases = (
				2CF4CC9423E7FBBD008C0CFB /* Sources */,
				2CF4CC9523E7FBBD008C0CFB /* Frameworks */,
				2CF4CC9623E7FBBD008C0CFB /* Resources */,
			);
			buildRules = (
			);
			dependencies = (
			);
			name = sizeClasses;
			productName = sizeClasses;
			productReference = 2CF4CC9823E7FBBD008C0CFB /* sizeClasses.app */;
			productType = "com.apple.product-type.application";
		};
/* End PBXNativeTarget section */

/* Begin PBXProject section */
		2CF4CC9023E7FBBD008C0CFB /* Project object */ = {
			isa = PBXProject;
			attributes = {
				LastSwiftUpdateCheck = 1130;
				LastUpgradeCheck = 1130;
				ORGANIZATIONNAME = "Make School";
				TargetAttributes = {
					2CF4CC9723E7FBBD008C0CFB = {
						CreatedOnToolsVersion = 11.3.1;
					};
				};
			};
			buildConfigurationList = 2CF4CC9323E7FBBD008C0CFB /* Build configuration list for PBXProject "sizeClasses" */;
			compatibilityVersion = "Xcode 9.3";
			developmentRegion = en;
			hasScannedForEncodings = 0;
			knownRegions = (
				en,
				Base,
			);
			mainGroup = 2CF4CC8F23E7FBBD008C0CFB;
			productRefGroup = 2CF4CC9923E7FBBD008C0CFB /* Products */;
			projectDirPath = "";
			projectRoot = "";
			targets = (
				2CF4CC9723E7FBBD008C0CFB /* sizeClasses */,
			);
		};
/* End PBXProject section */

/* Begin PBXResourcesBuildPhase section */
		2CF4CC9623E7FBBD008C0CFB /* Resources */ = {
			isa = PBXResourcesBuildPhase;
			buildActionMask = 2147483647;
			files = (
				2CF4CCA823E7FBBE008C0CFB /* LaunchScreen.storyboard in Resources */,
				2CF4CCA523E7FBBE008C0CFB /* Assets.xcassets in Resources */,
				2CF4CCA323E7FBBD008C0CFB /* Main.storyboard in Resources */,
			);
			runOnlyForDeploymentPostprocessing = 0;
		};
/* End PBXResourcesBuildPhase section */

/* Begin PBXSourcesBuildPhase section */
		2CF4CC9423E7FBBD008C0CFB /* Sources */ = {
			isa = PBXSourcesBuildPhase;
			buildActionMask = 2147483647;
			files = (
				2CF4CCA023E7FBBD008C0CFB /* ViewController.swift in Sources */,
				2CF4CC9C23E7FBBD008C0CFB /* AppDelegate.swift in Sources */,
				2CF4CC9E23E7FBBD008C0CFB /* SceneDelegate.swift in Sources */,
			);
			runOnlyForDeploymentPostprocessing = 0;
		};
/* End PBXSourcesBuildPhase section */

/* Begin PBXVariantGroup section */
		2CF4CCA123E7FBBD008C0CFB /* Main.storyboard */ = {
			isa = PBXVariantGroup;
			children = (
				2CF4CCA223E7FBBD008C0CFB /* Base */,
			);
			name = Main.storyboard;
			sourceTree = "<group>";
		};
		2CF4CCA623E7FBBE008C0CFB /* LaunchScreen.storyboard */ = {
			isa = PBXVariantGroup;
			children = (
				2CF4CCA723E7FBBE008C0CFB /* Base */,
			);
			name = LaunchScreen.storyboard;
			sourceTree = "<group>";
		};
/* End PBXVariantGroup section */

/* Begin XCBuildConfiguration section */
		2CF4CCAA23E7FBBE008C0CFB /* Debug */ = {
			isa = XCBuildConfiguration;
			buildSettings = {
				ALWAYS_SEARCH_USER_PATHS = NO;
				CLANG_ANALYZER_NONNULL = YES;
				CLANG_ANALYZER_NUMBER_OBJECT_CONVERSION = YES_AGGRESSIVE;
				CLANG_CXX_LANGUAGE_STANDARD = "gnu++14";
				CLANG_CXX_LIBRARY = "libc++";
				CLANG_ENABLE_MODULES = YES;
				CLANG_ENABLE_OBJC_ARC = YES;
				CLANG_ENABLE_OBJC_WEAK = YES;
				CLANG_WARN_BLOCK_CAPTURE_AUTORELEASING = YES;
				CLANG_WARN_BOOL_CONVERSION = YES;
				CLANG_WARN_COMMA = YES;
				CLANG_WARN_CONSTANT_CONVERSION = YES;
				CLANG_WARN_DEPRECATED_OBJC_IMPLEMENTATIONS = YES;
				CLANG_WARN_DIRECT_OBJC_ISA_USAGE = YES_ERROR;
				CLANG_WARN_DOCUMENTATION_COMMENTS = YES;
				CLANG_WARN_EMPTY_BODY = YES;
				CLANG_WARN_ENUM_CONVERSION = YES;
				CLANG_WARN_INFINITE_RECURSION = YES;
				CLANG_WARN_INT_CONVERSION = YES;
				CLANG_WARN_NON_LITERAL_NULL_CONVERSION = YES;
				CLANG_WARN_OBJC_IMPLICIT_RETAIN_SELF = YES;
				CLANG_WARN_OBJC_LITERAL_CONVERSION = YES;
				CLANG_WARN_OBJC_ROOT_CLASS = YES_ERROR;
				CLANG_WARN_RANGE_LOOP_ANALYSIS = YES;
				CLANG_WARN_STRICT_PROTOTYPES = YES;
				CLANG_WARN_SUSPICIOUS_MOVE = YES;
				CLANG_WARN_UNGUARDED_AVAILABILITY = YES_AGGRESSIVE;
				CLANG_WARN_UNREACHABLE_CODE = YES;
				CLANG_WARN__DUPLICATE_METHOD_MATCH = YES;
				COPY_PHASE_STRIP = NO;
				DEBUG_INFORMATION_FORMAT = dwarf;
				ENABLE_STRICT_OBJC_MSGSEND = YES;
				ENABLE_TESTABILITY = YES;
				GCC_C_LANGUAGE_STANDARD = gnu11;
				GCC_DYNAMIC_NO_PIC = NO;
				GCC_NO_COMMON_BLOCKS = YES;
				GCC_OPTIMIZATION_LEVEL = 0;
				GCC_PREPROCESSOR_DEFINITIONS = (
					"DEBUG=1",
					"$(inherited)",
				);
				GCC_WARN_64_TO_32_BIT_CONVERSION = YES;
				GCC_WARN_ABOUT_RETURN_TYPE = YES_ERROR;
				GCC_WARN_UNDECLARED_SELECTOR = YES;
				GCC_WARN_UNINITIALIZED_AUTOS = YES_AGGRESSIVE;
				GCC_WARN_UNUSED_FUNCTION = YES;
				GCC_WARN_UNUSED_VARIABLE = YES;
				IPHONEOS_DEPLOYMENT_TARGET = 13.2;
				MTL_ENABLE_DEBUG_INFO = INCLUDE_SOURCE;
				MTL_FAST_MATH = YES;
				ONLY_ACTIVE_ARCH = YES;
				SDKROOT = iphoneos;
				SWIFT_ACTIVE_COMPILATION_CONDITIONS = DEBUG;
				SWIFT_OPTIMIZATION_LEVEL = "-Onone";
			};
			name = Debug;
		};
		2CF4CCAB23E7FBBE008C0CFB /* Release */ = {
			isa = XCBuildConfiguration;
			buildSettings = {
				ALWAYS_SEARCH_USER_PATHS = NO;
				CLANG_ANALYZER_NONNULL = YES;
				CLANG_ANALYZER_NUMBER_OBJECT_CONVERSION = YES_AGGRESSIVE;
				CLANG_CXX_LANGUAGE_STANDARD = "gnu++14";
				CLANG_CXX_LIBRARY = "libc++";
				CLANG_ENABLE_MODULES = YES;
				CLANG_ENABLE_OBJC_ARC = YES;
				CLANG_ENABLE_OBJC_WEAK = YES;
				CLANG_WARN_BLOCK_CAPTURE_AUTORELEASING = YES;
				CLANG_WARN_BOOL_CONVERSION = YES;
				CLANG_WARN_COMMA = YES;
				CLANG_WARN_CONSTANT_CONVERSION = YES;
				CLANG_WARN_DEPRECATED_OBJC_IMPLEMENTATIONS = YES;
				CLANG_WARN_DIRECT_OBJC_ISA_USAGE = YES_ERROR;
				CLANG_WARN_DOCUMENTATION_COMMENTS = YES;
				CLANG_WARN_EMPTY_BODY = YES;
				CLANG_WARN_ENUM_CONVERSION = YES;
				CLANG_WARN_INFINITE_RECURSION = YES;
				CLANG_WARN_INT_CONVERSION = YES;
				CLANG_WARN_NON_LITERAL_NULL_CONVERSION = YES;
				CLANG_WARN_OBJC_IMPLICIT_RETAIN_SELF = YES;
				CLANG_WARN_OBJC_LITERAL_CONVERSION = YES;
				CLANG_WARN_OBJC_ROOT_CLASS = YES_ERROR;
				CLANG_WARN_RANGE_LOOP_ANALYSIS = YES;
				CLANG_WARN_STRICT_PROTOTYPES = YES;
				CLANG_WARN_SUSPICIOUS_MOVE = YES;
				CLANG_WARN_UNGUARDED_AVAILABILITY = YES_AGGRESSIVE;
				CLANG_WARN_UNREACHABLE_CODE = YES;
				CLANG_WARN__DUPLICATE_METHOD_MATCH = YES;
				COPY_PHASE_STRIP = NO;
				DEBUG_INFORMATION_FORMAT = "dwarf-with-dsym";
				ENABLE_NS_ASSERTIONS = NO;
				ENABLE_STRICT_OBJC_MSGSEND = YES;
				GCC_C_LANGUAGE_STANDARD = gnu11;
				GCC_NO_COMMON_BLOCKS = YES;
				GCC_WARN_64_TO_32_BIT_CONVERSION = YES;
				GCC_WARN_ABOUT_RETURN_TYPE = YES_ERROR;
				GCC_WARN_UNDECLARED_SELECTOR = YES;
				GCC_WARN_UNINITIALIZED_AUTOS = YES_AGGRESSIVE;
				GCC_WARN_UNUSED_FUNCTION = YES;
				GCC_WARN_UNUSED_VARIABLE = YES;
				IPHONEOS_DEPLOYMENT_TARGET = 13.2;
				MTL_ENABLE_DEBUG_INFO = NO;
				MTL_FAST_MATH = YES;
				SDKROOT = iphoneos;
				SWIFT_COMPILATION_MODE = wholemodule;
				SWIFT_OPTIMIZATION_LEVEL = "-O";
				VALIDATE_PRODUCT = YES;
			};
			name = Release;
		};
		2CF4CCAD23E7FBBE008C0CFB /* Debug */ = {
			isa = XCBuildConfiguration;
			buildSettings = {
				ASSETCATALOG_COMPILER_APPICON_NAME = AppIcon;
				CODE_SIGN_STYLE = Automatic;
				INFOPLIST_FILE = sizeClasses/Info.plist;
				LD_RUNPATH_SEARCH_PATHS = (
					"$(inherited)",
					"@executable_path/Frameworks",
				);
				PRODUCT_BUNDLE_IDENTIFIER = com.makeschool.sizeClasses;
				PRODUCT_NAME = "$(TARGET_NAME)";
				SWIFT_VERSION = 5.0;
				TARGETED_DEVICE_FAMILY = "1,2";
			};
			name = Debug;
		};
		2CF4CCAE23E7FBBE008C0CFB /* Release */ = {
			isa = XCBuildConfiguration;
			buildSettings = {
				ASSETCATALOG_COMPILER_APPICON_NAME = AppIcon;
				CODE_SIGN_STYLE = Automatic;
				INFOPLIST_FILE = sizeClasses/Info.plist;
				LD_RUNPATH_SEARCH_PATHS = (
					"$(inherited)",
					"@executable_path/Frameworks",
				);
				PRODUCT_BUNDLE_IDENTIFIER = com.makeschool.sizeClasses;
				PRODUCT_NAME = "$(TARGET_NAME)";
				SWIFT_VERSION = 5.0;
				TARGETED_DEVICE_FAMILY = "1,2";
			};
			name = Release;
		};
/* End XCBuildConfiguration section */

/* Begin XCConfigurationList section */
		2CF4CC9323E7FBBD008C0CFB /* Build configuration list for PBXProject "sizeClasses" */ = {
			isa = XCConfigurationList;
			buildConfigurations = (
				2CF4CCAA23E7FBBE008C0CFB /* Debug */,
				2CF4CCAB23E7FBBE008C0CFB /* Release */,
			);
			defaultConfigurationIsVisible = 0;
			defaultConfigurationName = Release;
		};
		2CF4CCAC23E7FBBE008C0CFB /* Build configuration list for PBXNativeTarget "sizeClasses" */ = {
			isa = XCConfigurationList;
			buildConfigurations = (
				2CF4CCAD23E7FBBE008C0CFB /* Debug */,
				2CF4CCAE23E7FBBE008C0CFB /* Release */,
			);
			defaultConfigurationIsVisible = 0;
			defaultConfigurationName = Release;
		};
/* End XCConfigurationList section */
	};
	rootObject = 2CF4CC9023E7FBBD008C0CFB /* Project object */;
}
